
Microsoft Visual Studio Solution File, Format Version 12.00
# Visual Studio Version 17
VisualStudioVersion = 17.1.32407.343
MinimumVisualStudioVersion = 10.0.40219.1
Project("{FAE04EC0-301F-11D3-BF4B-00C04F79EFBC}") = "SGA ITSL", "Plantilla Bonita\SGA ITSL.csproj", "{FDFB2EDB-85E6-4690-BF3B-FD9F833AAB60}"
EndProject
Project("{FAE04EC0-301F-11D3-BF4B-00C04F79EFBC}") = "Acceso_A_Datos", "Acceso_A_Datos\Acceso_A_Datos.csproj", "{D1736965-2380-4783-AFCE-027110EE260A}"
EndProject
Project("{FAE04EC0-301F-11D3-BF4B-00C04F79EFBC}") = "Dominio", "Dominio\Dominio.csproj", "{9274CDFB-74BB-4593-BAFB-4BD44810D8F6}"
EndProject
Project("{FAE04EC0-301F-11D3-BF4B-00C04F79EFBC}") = "Encriptado_Desencriptado", "Encriptado_Deesencriptado\Encriptado_Desencriptado.csproj", "{7849C279-1C27-45C6-AE8E-E5EE37F91E7A}"
EndProject
Project("{54435603-DBB4-11D2-8724-00A0C9A8B90C}") = "Instalador", "Instalador\Instalador.vdproj", "{BCA176F8-3D8F-4835-9241-DAC785D851FA}"
EndProject
Global
	GlobalSection(SolutionConfigurationPlatforms) = preSolution
		Debug|Any CPU = Debug|Any CPU
		Release|Any CPU = Release|Any CPU
	EndGlobalSection
	GlobalSection(ProjectConfigurationPlatforms) = postSolution
		{FDFB2EDB-85E6-4690-BF3B-FD9F833AAB60}.Debug|Any CPU.ActiveCfg = Release|Any CPU
		{FDFB2EDB-85E6-4690-BF3B-FD9F833AAB60}.Debug|Any CPU.Build.0 = Release|Any CPU
		{FDFB2EDB-85E6-4690-BF3B-FD9F833AAB60}.Release|Any CPU.ActiveCfg = Release|Any CPU
		{FDFB2EDB-85E6-4690-BF3B-FD9F833AAB60}.Release|Any CPU.Build.0 = Release|Any CPU
		{D1736965-2380-4783-AFCE-027110EE260A}.Debug|Any CPU.ActiveCfg = Debug|Any CPU
		{D1736965-2380-4783-AFCE-027110EE260A}.Debug|Any CPU.Build.0 = Debug|Any CPU
		{D1736965-2380-4783-AFCE-027110EE260A}.Release|Any CPU.ActiveCfg = Release|Any CPU
		{D1736965-2380-4783-AFCE-027110EE260A}.Release|Any CPU.Build.0 = Release|Any CPU
		{9274CDFB-74BB-4593-BAFB-4BD44810D8F6}.Debug|Any CPU.ActiveCfg = Debug|Any CPU
		{9274CDFB-74BB-4593-BAFB-4BD44810D8F6}.Debug|Any CPU.Build.0 = Debug|Any CPU
		{9274CDFB-74BB-4593-BAFB-4BD44810D8F6}.Release|Any CPU.ActiveCfg = Release|Any CPU
		{9274CDFB-74BB-4593-BAFB-4BD44810D8F6}.Release|Any CPU.Build.0 = Release|Any CPU
		{7849C279-1C27-45C6-AE8E-E5EE37F91E7A}.Debug|Any CPU.ActiveCfg = Debug|Any CPU
		{7849C279-1C27-45C6-AE8E-E5EE37F91E7A}.Debug|Any CPU.Build.0 = Debug|Any CPU
		{7849C279-1C27-45C6-AE8E-E5EE37F91E7A}.Release|Any CPU.ActiveCfg = Release|Any CPU
		{7849C279-1C27-45C6-AE8E-E5EE37F91E7A}.Release|Any CPU.Build.0 = Release|Any CPU
		{BCA176F8-3D8F-4835-9241-DAC785D851FA}.Debug|Any CPU.ActiveCfg = Debug
		{BCA176F8-3D8F-4835-9241-DAC785D851FA}.Release|Any CPU.ActiveCfg = Release
	EndGlobalSection
	GlobalSection(SolutionProperties) = preSolution
		HideSolutionNode = FALSE
	EndGlobalSection
	GlobalSection(ExtensibilityGlobals) = postSolution
		SolutionGuid = {F0079B0F-D4E8-4237-B972-E0A4A838B79B}
	EndGlobalSection
EndGlobal
